
Microsoft Visual Studio Solution File, Format Version 12.00
# Visual Studio 14
VisualStudioVersion = 14.0.25123.0
MinimumVisualStudioVersion = 10.0.40219.1
Project("{FAE04EC0-301F-11D3-BF4B-00C04F79EFBC}") = "SSQ", "SSQ\SSQ.csproj", "{8F8E4307-C56F-4600-8741-1E8071B1B3F3}"
EndProject
Project("{FAE04EC0-301F-11D3-BF4B-00C04F79EFBC}") = "SSQDataBase", "SSQDataBase\SSQDataBase.csproj", "{471190C7-7D0F-4F29-937F-24D0CA1381DF}"
EndProject
Global
	GlobalSection(SolutionConfigurationPlatforms) = preSolution
		Debug|Any CPU = Debug|Any CPU
		Release|Any CPU = Release|Any CPU
	EndGlobalSection
	GlobalSection(ProjectConfigurationPlatforms) = postSolution
		{8F8E4307-C56F-4600-8741-1E8071B1B3F3}.Debug|Any CPU.ActiveCfg = Debug|Any CPU
		{8F8E4307-C56F-4600-8741-1E8071B1B3F3}.Debug|Any CPU.Build.0 = Debug|Any CPU
		{8F8E4307-C56F-4600-8741-1E8071B1B3F3}.Release|Any CPU.ActiveCfg = Release|Any CPU
		{8F8E4307-C56F-4600-8741-1E8071B1B3F3}.Release|Any CPU.Build.0 = Release|Any CPU
		{471190C7-7D0F-4F29-937F-24D0CA1381DF}.Debug|Any CPU.ActiveCfg = Debug|Any CPU
		{471190C7-7D0F-4F29-937F-24D0CA1381DF}.Debug|Any CPU.Build.0 = Debug|Any CPU
		{471190C7-7D0F-4F29-937F-24D0CA1381DF}.Release|Any CPU.ActiveCfg = Release|Any CPU
		{471190C7-7D0F-4F29-937F-24D0CA1381DF}.Release|Any CPU.Build.0 = Release|Any CPU
	EndGlobalSection
	GlobalSection(SolutionProperties) = preSolution
		HideSolutionNode = FALSE
	EndGlobalSection
EndGlobal
